// !$*UTF8*$!
{
	archiveVersion = 1;
	classes = {
	};
	objectVersion = 50;
	objects = {

/* Begin PBXBuildFile section */
		5E4424BD24ACCA9100D24F66 /* LinesOnlyModel.swift in Sources */ = {isa = PBXBuildFile; fileRef = 5E4424BC24ACCA9100D24F66 /* LinesOnlyModel.swift */; };
		5E56B150249E52A300E428AC /* LinesOnlyLogo.swift in Sources */ = {isa = PBXBuildFile; fileRef = 5E56B14F249E52A300E428AC /* LinesOnlyLogo.swift */; };
		5E56B152249E570100E428AC /* CGPointVector.swift in Sources */ = {isa = PBXBuildFile; fileRef = 5E56B151249E570100E428AC /* CGPointVector.swift */; };
		5E79F21C2497E129002EAAF4 /* AppDelegate.swift in Sources */ = {isa = PBXBuildFile; fileRef = 5E79F21B2497E129002EAAF4 /* AppDelegate.swift */; };
		5E79F21E2497E129002EAAF4 /* SceneDelegate.swift in Sources */ = {isa = PBXBuildFile; fileRef = 5E79F21D2497E129002EAAF4 /* SceneDelegate.swift */; };
		5E79F2202497E129002EAAF4 /* ContentView.swift in Sources */ = {isa = PBXBuildFile; fileRef = 5E79F21F2497E129002EAAF4 /* ContentView.swift */; };
		5E79F2222497E131002EAAF4 /* Assets.xcassets in Resources */ = {isa = PBXBuildFile; fileRef = 5E79F2212497E131002EAAF4 /* Assets.xcassets */; };
		5E79F2252497E131002EAAF4 /* Preview Assets.xcassets in Resources */ = {isa = PBXBuildFile; fileRef = 5E79F2242497E131002EAAF4 /* Preview Assets.xcassets */; };
		5E79F2282497E131002EAAF4 /* LaunchScreen.storyboard in Resources */ = {isa = PBXBuildFile; fileRef = 5E79F2262497E131002EAAF4 /* LaunchScreen.storyboard */; };
		5E79F2342497E2E9002EAAF4 /* Path+Points.swift in Sources */ = {isa = PBXBuildFile; fileRef = 5E79F2332497E2E9002EAAF4 /* Path+Points.swift */; };
		5E79F2362497E325002EAAF4 /* SourceLogo.swift in Sources */ = {isa = PBXBuildFile; fileRef = 5E79F2352497E325002EAAF4 /* SourceLogo.swift */; };
		5E7F36F124B238EB009AE90B /* swiftlogo.png in Resources */ = {isa = PBXBuildFile; fileRef = 5E7F36F024B238EB009AE90B /* swiftlogo.png */; };
/* End PBXBuildFile section */

/* Begin PBXFileReference section */
		5E4424BC24ACCA9100D24F66 /* LinesOnlyModel.swift */ = {isa = PBXFileReference; lastKnownFileType = sourcecode.swift; path = LinesOnlyModel.swift; sourceTree = "<group>"; };
		5E56B14F249E52A300E428AC /* LinesOnlyLogo.swift */ = {isa = PBXFileReference; fileEncoding = 4; lastKnownFileType = sourcecode.swift; path = LinesOnlyLogo.swift; sourceTree = "<group>"; };
		5E56B151249E570100E428AC /* CGPointVector.swift */ = {isa = PBXFileReference; lastKnownFileType = sourcecode.swift; path = CGPointVector.swift; sourceTree = "<group>"; };
		5E79F2182497E129002EAAF4 /* SwiftLogoPlay.app */ = {isa = PBXFileReference; explicitFileType = wrapper.application; includeInIndex = 0; path = SwiftLogoPlay.app; sourceTree = BUILT_PRODUCTS_DIR; };
		5E79F21B2497E129002EAAF4 /* AppDelegate.swift */ = {isa = PBXFileReference; lastKnownFileType = sourcecode.swift; path = AppDelegate.swift; sourceTree = "<group>"; };
		5E79F21D2497E129002EAAF4 /* SceneDelegate.swift */ = {isa = PBXFileReference; lastKnownFileType = sourcecode.swift; path = SceneDelegate.swift; sourceTree = "<group>"; };
		5E79F21F2497E129002EAAF4 /* ContentView.swift */ = {isa = PBXFileReference; lastKnownFileType = sourcecode.swift; path = ContentView.swift; sourceTree = "<group>"; };
		5E79F2212497E131002EAAF4 /* Assets.xcassets */ = {isa = PBXFileReference; lastKnownFileType = folder.assetcatalog; path = Assets.xcassets; sourceTree = "<group>"; };
		5E79F2242497E131002EAAF4 /* Preview Assets.xcassets */ = {isa = PBXFileReference; lastKnownFileType = folder.assetcatalog; path = "Preview Assets.xcassets"; sourceTree = "<group>"; };
		5E79F2272497E131002EAAF4 /* Base */ = {isa = PBXFileReference; lastKnownFileType = file.storyboard; name = Base; path = Base.lproj/LaunchScreen.storyboard; sourceTree = "<group>"; };
		5E79F2292497E131002EAAF4 /* Info.plist */ = {isa = PBXFileReference; lastKnownFileType = text.plist.xml; path = Info.plist; sourceTree = "<group>"; };
		5E79F2332497E2E9002EAAF4 /* Path+Points.swift */ = {isa = PBXFileReference; fileEncoding = 4; lastKnownFileType = sourcecode.swift; path = "Path+Points.swift"; sourceTree = "<group>"; };
		5E79F2352497E325002EAAF4 /* SourceLogo.swift */ = {isa = PBXFileReference; fileEncoding = 4; lastKnownFileType = sourcecode.swift; path = SourceLogo.swift; sourceTree = "<group>"; };
		5E7F36F024B238EB009AE90B /* swiftlogo.png */ = {isa = PBXFileReference; lastKnownFileType = image.png; path = swiftlogo.png; sourceTree = "<group>"; };
/* End PBXFileReference section */

/* Begin PBXFrameworksBuildPhase section */
		5E79F2152497E129002EAAF4 /* Frameworks */ = {
			isa = PBXFrameworksBuildPhase;
			buildActionMask = 2147483647;
			files = (
			);
			runOnlyForDeploymentPostprocessing = 0;
		};
/* End PBXFrameworksBuildPhase section */

/* Begin PBXGroup section */
		5E79F20F2497E129002EAAF4 = {
			isa = PBXGroup;
			children = (
				5E56B151249E570100E428AC /* CGPointVector.swift */,
				5E7F36F024B238EB009AE90B /* swiftlogo.png */,
				5E79F21A2497E129002EAAF4 /* SwiftLogoPlay */,
				5E79F2192497E129002EAAF4 /* Products */,
			);
			sourceTree = "<group>";
		};
		5E79F2192497E129002EAAF4 /* Products */ = {
			isa = PBXGroup;
			children = (
				5E79F2182497E129002EAAF4 /* SwiftLogoPlay.app */,
			);
			name = Products;
			sourceTree = "<group>";
		};
		5E79F21A2497E129002EAAF4 /* SwiftLogoPlay */ = {
			isa = PBXGroup;
			children = (
				5E79F21F2497E129002EAAF4 /* ContentView.swift */,
				5E56B14F249E52A300E428AC /* LinesOnlyLogo.swift */,
				5E4424BC24ACCA9100D24F66 /* LinesOnlyModel.swift */,
				5E79F2332497E2E9002EAAF4 /* Path+Points.swift */,
				5E79F2352497E325002EAAF4 /* SourceLogo.swift */,
				5E79F21B2497E129002EAAF4 /* AppDelegate.swift */,
				5E79F21D2497E129002EAAF4 /* SceneDelegate.swift */,
				5E79F2212497E131002EAAF4 /* Assets.xcassets */,
				5E79F2262497E131002EAAF4 /* LaunchScreen.storyboard */,
				5E79F2292497E131002EAAF4 /* Info.plist */,
				5E79F2232497E131002EAAF4 /* Preview Content */,
			);
			path = SwiftLogoPlay;
			sourceTree = "<group>";
		};
		5E79F2232497E131002EAAF4 /* Preview Content */ = {
			isa = PBXGroup;
			children = (
				5E79F2242497E131002EAAF4 /* Preview Assets.xcassets */,
			);
			path = "Preview Content";
			sourceTree = "<group>";
		};
/* End PBXGroup section */

/* Begin PBXNativeTarget section */
		5E79F2172497E129002EAAF4 /* SwiftLogoPlay */ = {
			isa = PBXNativeTarget;
			buildConfigurationList = 5E79F22C2497E131002EAAF4 /* Build configuration list for PBXNativeTarget "SwiftLogoPlay" */;
			buildPhases = (
				5E79F2142497E129002EAAF4 /* Sources */,
				5E79F2152497E129002EAAF4 /* Frameworks */,
				5E79F2162497E129002EAAF4 /* Resources */,
			);
			buildRules = (
			);
			dependencies = (
			);
			name = SwiftLogoPlay;
			productName = SwiftLogoPlay;
			productReference = 5E79F2182497E129002EAAF4 /* SwiftLogoPlay.app */;
			productType = "com.apple.product-type.application";
		};
/* End PBXNativeTarget section */

/* Begin PBXProject section */
		5E79F2102497E129002EAAF4 /* Project object */ = {
			isa = PBXProject;
			attributes = {
				LastSwiftUpdateCheck = 1150;
				LastUpgradeCheck = 1150;
				ORGANIZATIONNAME = "Howard Katz";
				TargetAttributes = {
					5E79F2172497E129002EAAF4 = {
						CreatedOnToolsVersion = 11.5;
					};
				};
			};
			buildConfigurationList = 5E79F2132497E129002EAAF4 /* Build configuration list for PBXProject "SwiftLogoPlay" */;
			compatibilityVersion = "Xcode 9.3";
			developmentRegion = en;
			hasScannedForEncodings = 0;
			knownRegions = (
				en,
				Base,
			);
			mainGroup = 5E79F20F2497E129002EAAF4;
			productRefGroup = 5E79F2192497E129002EAAF4 /* Products */;
			projectDirPath = "";
			projectRoot = "";
			targets = (
				5E79F2172497E129002EAAF4 /* SwiftLogoPlay */,
			);
		};
/* End PBXProject section */

/* Begin PBXResourcesBuildPhase section */
		5E79F2162497E129002EAAF4 /* Resources */ = {
			isa = PBXResourcesBuildPhase;
			buildActionMask = 2147483647;
			files = (
				5E79F2282497E131002EAAF4 /* LaunchScreen.storyboard in Resources */,
				5E79F2252497E131002EAAF4 /* Preview Assets.xcassets in Resources */,
				5E7F36F124B238EB009AE90B /* swiftlogo.png in Resources */,
				5E79F2222497E131002EAAF4 /* Assets.xcassets in Resources */,
			);
			runOnlyForDeploymentPostprocessing = 0;
		};
/* End PBXResourcesBuildPhase section */

/* Begin PBXSourcesBuildPhase section */
		5E79F2142497E129002EAAF4 /* Sources */ = {
			isa = PBXSourcesBuildPhase;
			buildActionMask = 2147483647;
			files = (
				5E79F21C2497E129002EAAF4 /* AppDelegate.swift in Sources */,
				5E79F2362497E325002EAAF4 /* SourceLogo.swift in Sources */,
				5E56B150249E52A300E428AC /* LinesOnlyLogo.swift in Sources */,
				5E79F2342497E2E9002EAAF4 /* Path+Points.swift in Sources */,
				5E56B152249E570100E428AC /* CGPointVector.swift in Sources */,
				5E4424BD24ACCA9100D24F66 /* LinesOnlyModel.swift in Sources */,
				5E79F21E2497E129002EAAF4 /* SceneDelegate.swift in Sources */,
				5E79F2202497E129002EAAF4 /* ContentView.swift in Sources */,
			);
			runOnlyForDeploymentPostprocessing = 0;
		};
/* End PBXSourcesBuildPhase section */

/* Begin PBXVariantGroup section */
		5E79F2262497E131002EAAF4 /* LaunchScreen.storyboard */ = {
			isa = PBXVariantGroup;
			children = (
				5E79F2272497E131002EAAF4 /* Base */,
			);
			name = LaunchScreen.storyboard;
			sourceTree = "<group>";
		};
/* End PBXVariantGroup section */

/* Begin XCBuildConfiguration section */
		5E79F22A2497E131002EAAF4 /* Debug */ = {
			isa = XCBuildConfiguration;
			buildSettings = {
				ALWAYS_SEARCH_USER_PATHS = NO;
				CLANG_ANALYZER_NONNULL = YES;
				CLANG_ANALYZER_NUMBER_OBJECT_CONVERSION = YES_AGGRESSIVE;
				CLANG_CXX_LANGUAGE_STANDARD = "gnu++14";
				CLANG_CXX_LIBRARY = "libc++";
				CLANG_ENABLE_MODULES = YES;
				CLANG_ENABLE_OBJC_ARC = YES;
				CLANG_ENABLE_OBJC_WEAK = YES;
				CLANG_WARN_BLOCK_CAPTURE_AUTORELEASING = YES;
				CLANG_WARN_BOOL_CONVERSION = YES;
				CLANG_WARN_COMMA = YES;
				CLANG_WARN_CONSTANT_CONVERSION = YES;
				CLANG_WARN_DEPRECATED_OBJC_IMPLEMENTATIONS = YES;
				CLANG_WARN_DIRECT_OBJC_ISA_USAGE = YES_ERROR;
				CLANG_WARN_DOCUMENTATION_COMMENTS = YES;
				CLANG_WARN_EMPTY_BODY = YES;
				CLANG_WARN_ENUM_CONVERSION = YES;
				CLANG_WARN_INFINITE_RECURSION = YES;
				CLANG_WARN_INT_CONVERSION = YES;
				CLANG_WARN_NON_LITERAL_NULL_CONVERSION = YES;
				CLANG_WARN_OBJC_IMPLICIT_RETAIN_SELF = YES;
				CLANG_WARN_OBJC_LITERAL_CONVERSION = YES;
				CLANG_WARN_OBJC_ROOT_CLASS = YES_ERROR;
				CLANG_WARN_RANGE_LOOP_ANALYSIS = YES;
				CLANG_WARN_STRICT_PROTOTYPES = YES;
				CLANG_WARN_SUSPICIOUS_MOVE = YES;
				CLANG_WARN_UNGUARDED_AVAILABILITY = YES_AGGRESSIVE;
				CLANG_WARN_UNREACHABLE_CODE = YES;
				CLANG_WARN__DUPLICATE_METHOD_MATCH = YES;
				COPY_PHASE_STRIP = NO;
				DEBUG_INFORMATION_FORMAT = dwarf;
				ENABLE_STRICT_OBJC_MSGSEND = YES;
				ENABLE_TESTABILITY = YES;
				GCC_C_LANGUAGE_STANDARD = gnu11;
				GCC_DYNAMIC_NO_PIC = NO;
				GCC_NO_COMMON_BLOCKS = YES;
				GCC_OPTIMIZATION_LEVEL = 0;
				GCC_PREPROCESSOR_DEFINITIONS = (
					"DEBUG=1",
					"$(inherited)",
				);
				GCC_WARN_64_TO_32_BIT_CONVERSION = YES;
				GCC_WARN_ABOUT_RETURN_TYPE = YES_ERROR;
				GCC_WARN_UNDECLARED_SELECTOR = YES;
				GCC_WARN_UNINITIALIZED_AUTOS = YES_AGGRESSIVE;
				GCC_WARN_UNUSED_FUNCTION = YES;
				GCC_WARN_UNUSED_VARIABLE = YES;
				IPHONEOS_DEPLOYMENT_TARGET = 13.5;
				MTL_ENABLE_DEBUG_INFO = INCLUDE_SOURCE;
				MTL_FAST_MATH = YES;
				ONLY_ACTIVE_ARCH = YES;
				SDKROOT = iphoneos;
				SWIFT_ACTIVE_COMPILATION_CONDITIONS = DEBUG;
				SWIFT_OPTIMIZATION_LEVEL = "-Onone";
			};
			name = Debug;
		};
		5E79F22B2497E131002EAAF4 /* Release */ = {
			isa = XCBuildConfiguration;
			buildSettings = {
				ALWAYS_SEARCH_USER_PATHS = NO;
				CLANG_ANALYZER_NONNULL = YES;
				CLANG_ANALYZER_NUMBER_OBJECT_CONVERSION = YES_AGGRESSIVE;
				CLANG_CXX_LANGUAGE_STANDARD = "gnu++14";
				CLANG_CXX_LIBRARY = "libc++";
				CLANG_ENABLE_MODULES = YES;
				CLANG_ENABLE_OBJC_ARC = YES;
				CLANG_ENABLE_OBJC_WEAK = YES;
				CLANG_WARN_BLOCK_CAPTURE_AUTORELEASING = YES;
				CLANG_WARN_BOOL_CONVERSION = YES;
				CLANG_WARN_COMMA = YES;
				CLANG_WARN_CONSTANT_CONVERSION = YES;
				CLANG_WARN_DEPRECATED_OBJC_IMPLEMENTATIONS = YES;
				CLANG_WARN_DIRECT_OBJC_ISA_USAGE = YES_ERROR;
				CLANG_WARN_DOCUMENTATION_COMMENTS = YES;
				CLANG_WARN_EMPTY_BODY = YES;
				CLANG_WARN_ENUM_CONVERSION = YES;
				CLANG_WARN_INFINITE_RECURSION = YES;
				CLANG_WARN_INT_CONVERSION = YES;
				CLANG_WARN_NON_LITERAL_NULL_CONVERSION = YES;
				CLANG_WARN_OBJC_IMPLICIT_RETAIN_SELF = YES;
				CLANG_WARN_OBJC_LITERAL_CONVERSION = YES;
				CLANG_WARN_OBJC_ROOT_CLASS = YES_ERROR;
				CLANG_WARN_RANGE_LOOP_ANALYSIS = YES;
				CLANG_WARN_STRICT_PROTOTYPES = YES;
				CLANG_WARN_SUSPICIOUS_MOVE = YES;
				CLANG_WARN_UNGUARDED_AVAILABILITY = YES_AGGRESSIVE;
				CLANG_WARN_UNREACHABLE_CODE = YES;
				CLANG_WARN__DUPLICATE_METHOD_MATCH = YES;
				COPY_PHASE_STRIP = NO;
				DEBUG_INFORMATION_FORMAT = "dwarf-with-dsym";
				ENABLE_NS_ASSERTIONS = NO;
				ENABLE_STRICT_OBJC_MSGSEND = YES;
				GCC_C_LANGUAGE_STANDARD = gnu11;
				GCC_NO_COMMON_BLOCKS = YES;
				GCC_WARN_64_TO_32_BIT_CONVERSION = YES;
				GCC_WARN_ABOUT_RETURN_TYPE = YES_ERROR;
				GCC_WARN_UNDECLARED_SELECTOR = YES;
				GCC_WARN_UNINITIALIZED_AUTOS = YES_AGGRESSIVE;
				GCC_WARN_UNUSED_FUNCTION = YES;
				GCC_WARN_UNUSED_VARIABLE = YES;
				IPHONEOS_DEPLOYMENT_TARGET = 13.5;
				MTL_ENABLE_DEBUG_INFO = NO;
				MTL_FAST_MATH = YES;
				SDKROOT = iphoneos;
				SWIFT_COMPILATION_MODE = wholemodule;
				SWIFT_OPTIMIZATION_LEVEL = "-O";
				VALIDATE_PRODUCT = YES;
			};
			name = Release;
		};
		5E79F22D2497E131002EAAF4 /* Debug */ = {
			isa = XCBuildConfiguration;
			buildSettings = {
				ASSETCATALOG_COMPILER_APPICON_NAME = AppIcon;
				CODE_SIGN_STYLE = Automatic;
				DEVELOPMENT_ASSET_PATHS = "\"SwiftLogoPlay/Preview Content\"";
				DEVELOPMENT_TEAM = 5GH34SU7UW;
				ENABLE_PREVIEWS = YES;
				INFOPLIST_FILE = SwiftLogoPlay/Info.plist;
				LD_RUNPATH_SEARCH_PATHS = (
					"$(inherited)",
					"@executable_path/Frameworks",
				);
				PRODUCT_BUNDLE_IDENTIFIER = com.fatdog.SwiftLogoPlay;
				PRODUCT_NAME = "$(TARGET_NAME)";
				SWIFT_VERSION = 5.0;
				TARGETED_DEVICE_FAMILY = "1,2";
			};
			name = Debug;
		};
		5E79F22E2497E131002EAAF4 /* Release */ = {
			isa = XCBuildConfiguration;
			buildSettings = {
				ASSETCATALOG_COMPILER_APPICON_NAME = AppIcon;
				CODE_SIGN_STYLE = Automatic;
				DEVELOPMENT_ASSET_PATHS = "\"SwiftLogoPlay/Preview Content\"";
				DEVELOPMENT_TEAM = 5GH34SU7UW;
				ENABLE_PREVIEWS = YES;
				INFOPLIST_FILE = SwiftLogoPlay/Info.plist;
				LD_RUNPATH_SEARCH_PATHS = (
					"$(inherited)",
					"@executable_path/Frameworks",
				);
				PRODUCT_BUNDLE_IDENTIFIER = com.fatdog.SwiftLogoPlay;
				PRODUCT_NAME = "$(TARGET_NAME)";
				SWIFT_VERSION = 5.0;
				TARGETED_DEVICE_FAMILY = "1,2";
			};
			name = Release;
		};
/* End XCBuildConfiguration section */

/* Begin XCConfigurationList section */
		5E79F2132497E129002EAAF4 /* Build configuration list for PBXProject "SwiftLogoPlay" */ = {
			isa = XCConfigurationList;
			buildConfigurations = (
				5E79F22A2497E131002EAAF4 /* Debug */,
				5E79F22B2497E131002EAAF4 /* Release */,
			);
			defaultConfigurationIsVisible = 0;
			defaultConfigurationName = Release;
		};
		5E79F22C2497E131002EAAF4 /* Build configuration list for PBXNativeTarget "SwiftLogoPlay" */ = {
			isa = XCConfigurationList;
			buildConfigurations = (
				5E79F22D2497E131002EAAF4 /* Debug */,
				5E79F22E2497E131002EAAF4 /* Release */,
			);
			defaultConfigurationIsVisible = 0;
			defaultConfigurationName = Release;
		};
/* End XCConfigurationList section */
	};
	rootObject = 5E79F2102497E129002EAAF4 /* Project object */;
}
